PODS:
  - Masonry (1.1.0)
  - YJExtensions (1.2.4):
    - YJExtensions/Foundation (= 1.2.4)
    - YJExtensions/UIKit (= 1.2.4)
    - YJExtensions/YJEHpple (= 1.2.4)
  - YJExtensions/Foundation (1.2.4):
    - YJExtensions/YJEHpple
  - YJExtensions/UIKit (1.2.4):
    - YJExtensions/Foundation
  - YJExtensions/YJEHpple (1.2.4)

DEPENDENCIES:
  - Masonry
  - YJExtensions (= 1.2.4)

SPEC REPOS:
  https://github.com/cocoapods/specs.git:
    - Masonry
    - YJExtensions

SPEC CHECKSUMS:
  Masonry: 678fab65091a9290e40e2832a55e7ab731aad201
  YJExtensions: 56016739f3a1db03e9e816624f094a35702a4dff

PODFILE CHECKSUM: 5b665f0c864a9b22d9121ec7e3551ef4b3bd9f82

COCOAPODS: 1.7.0.beta.3
