PODS:
  - Masonry (1.1.0)
  - TFHpple (2.0.0)
  - YJExtensions (1.0.8):
    - YJExtensions/Foundation (= 1.0.8)
    - YJExtensions/UIKit (= 1.0.8)
  - YJExtensions/Foundation (1.0.8):
    - TFHpple
  - YJExtensions/UIKit (1.0.8):
    - YJExtensions/Foundation

DEPENDENCIES:
  - Masonry
  - YJExtensions (= 1.0.8)

SPEC REPOS:
  https://github.com/cocoapods/specs.git:
    - Masonry
    - TFHpple
    - YJExtensions

SPEC CHECKSUMS:
  Masonry: 678fab65091a9290e40e2832a55e7ab731aad201
  TFHpple: a916fe0799eb30aa29b2670d14d5868cdd3a5b81
  YJExtensions: 3db788fd004eb865bb2d464ce8e71852d8c66933

PODFILE CHECKSUM: b2faf0cbebf9666b53d0c2ee5fdca734b33bff6f

COCOAPODS: 1.7.0.beta.3
